
Microsoft Visual Studio Solution File, Format Version 12.00
# Visual Studio Version 16
VisualStudioVersion = 16.0.32413.511
MinimumVisualStudioVersion = 10.0.40219.1
Project("{FAE04EC0-301F-11D3-BF4B-00C04F79EFBC}") = "AssignmentPeople", "AssigmentPeople\AssignmentPeople.csproj", "{FD3686E6-F7E5-4879-8ABB-E85F47D719DC}"
EndProject
Global
	GlobalSection(SolutionConfigurationPlatforms) = preSolution
		Debug|Any CPU = Debug|Any CPU
		Release|Any CPU = Release|Any CPU
	EndGlobalSection
	GlobalSection(ProjectConfigurationPlatforms) = postSolution
		{FD3686E6-F7E5-4879-8ABB-E85F47D719DC}.Debug|Any CPU.ActiveCfg = Debug|Any CPU
		{FD3686E6-F7E5-4879-8ABB-E85F47D719DC}.Debug|Any CPU.Build.0 = Debug|Any CPU
		{FD3686E6-F7E5-4879-8ABB-E85F47D719DC}.Release|Any CPU.ActiveCfg = Release|Any CPU
		{FD3686E6-F7E5-4879-8ABB-E85F47D719DC}.Release|Any CPU.Build.0 = Release|Any CPU
	EndGlobalSection
	GlobalSection(SolutionProperties) = preSolution
		HideSolutionNode = FALSE
	EndGlobalSection
	GlobalSection(ExtensibilityGlobals) = postSolution
		SolutionGuid = {F319A328-381C-47FA-AE71-8C8E18F354A1}
	EndGlobalSection
EndGlobal
